
Microsoft Visual Studio Solution File, Format Version 12.00
# Visual Studio Version 17
VisualStudioVersion = 17.10.35004.147
MinimumVisualStudioVersion = 10.0.40219.1
Project("{FAE04EC0-301F-11D3-BF4B-00C04F79EFBC}") = "TrackerLibrary", "TrackerLibrary\TrackerLibrary.csproj", "{D44DE4D8-5007-4C8E-BD1E-192CE31A3FD6}"
EndProject
Project("{FAE04EC0-301F-11D3-BF4B-00C04F79EFBC}") = "TrackerUI", "TrackerUI\TrackerUI.csproj", "{6AE24882-9257-4A9B-9F52-90FF9AA74BDE}"
EndProject
Global
	GlobalSection(SolutionConfigurationPlatforms) = preSolution
		Debug|Any CPU = Debug|Any CPU
		Release|Any CPU = Release|Any CPU
	EndGlobalSection
	GlobalSection(ProjectConfigurationPlatforms) = postSolution
		{D44DE4D8-5007-4C8E-BD1E-192CE31A3FD6}.Debug|Any CPU.ActiveCfg = Debug|Any CPU
		{D44DE4D8-5007-4C8E-BD1E-192CE31A3FD6}.Debug|Any CPU.Build.0 = Debug|Any CPU
		{D44DE4D8-5007-4C8E-BD1E-192CE31A3FD6}.Release|Any CPU.ActiveCfg = Release|Any CPU
		{D44DE4D8-5007-4C8E-BD1E-192CE31A3FD6}.Release|Any CPU.Build.0 = Release|Any CPU
		{6AE24882-9257-4A9B-9F52-90FF9AA74BDE}.Debug|Any CPU.ActiveCfg = Debug|Any CPU
		{6AE24882-9257-4A9B-9F52-90FF9AA74BDE}.Debug|Any CPU.Build.0 = Debug|Any CPU
		{6AE24882-9257-4A9B-9F52-90FF9AA74BDE}.Release|Any CPU.ActiveCfg = Release|Any CPU
		{6AE24882-9257-4A9B-9F52-90FF9AA74BDE}.Release|Any CPU.Build.0 = Release|Any CPU
	EndGlobalSection
	GlobalSection(SolutionProperties) = preSolution
		HideSolutionNode = FALSE
	EndGlobalSection
	GlobalSection(ExtensibilityGlobals) = postSolution
		SolutionGuid = {226733CA-9D9E-4435-A7AA-9DF653A6176F}
	EndGlobalSection
EndGlobal
